# THIS IS AN AUTOGENERATED FILE. DO NOT EDIT THIS FILE DIRECTLY.
# yarn lockfile v1


"@babel/generator@^7.28.6":
  version "7.29.1"
  resolved "https://registry.npmmirror.com/@babel/generator/-/generator-7.29.1.tgz"
  integrity sha512-qsaF+9Qcm2Qv8SRIMMscAvG4O3lJ0F1GuMo5HR/Bp02LopNgnZBC/EkbevHFeGs4ls/oPz9v+Bsmzbkbe+0dUw==
  dependencies:
    "@babel/parser" "^7.29.0"
    "@babel/types" "^7.29.0"
    "@jridgewell/gen-mapping" "^0.3.12"
    "@jridgewell/trace-mapping" "^0.3.28"
    jsesc "^3.0.2"

"@babel/helper-string-parser@^7.27.1":
  version "7.27.1"
  resolved "https://registry.npmmirror.com/@babel/helper-string-parser/-/helper-string-parser-7.27.1.tgz"
  integrity sha512-qMlSxKbpRlAridDExk92nSobyDdpPijUq2DW6oDnUqd0iOGxmQjyqhMIihI9+zv4LPyZdRje2cavWPbCbWm3eA==

"@babel/helper-validator-identifier@^7.28.5":
  version "7.28.5"
  resolved "https://registry.npmmirror.com/@babel/helper-validator-identifier/-/helper-validator-identifier-7.28.5.tgz"
  integrity sha512-qSs4ifwzKJSV39ucNjsvc6WVHs6b7S03sOh2OcHF9UHfVPqWWALUsNUVzhSBiItjRZoLHx7nIarVjqKVusUZ1Q==

"@babel/parser@^7.28.4", "@babel/parser@^7.28.5", "@babel/parser@^7.29.0":
  version "7.29.0"
  resolved "https://registry.npmmirror.com/@babel/parser/-/parser-7.29.0.tgz"
  integrity sha512-IyDgFV5GeDUVX4YdF/3CPULtVGSXXMLh1xVIgdCgxApktqnQV0r7/8Nqthg+8YLGaAtdyIlo2qIdZrbCv4+7ww==
  dependencies:
    "@babel/types" "^7.29.0"

"@babel/types@^7.29.0":
  version "7.29.0"
  resolved "https://registry.npmmirror.com/@babel/types/-/types-7.29.0.tgz"
  integrity sha512-LwdZHpScM4Qz8Xw2iKSzS+cfglZzJGvofQICy7W7v4caru4EaAmyUuO6BGrbyQ2mYV11W0U8j5mBhd14dd3B0A==
  dependencies:
    "@babel/helper-string-parser" "^7.27.1"
    "@babel/helper-validator-identifier" "^7.28.5"

"@ctrl/tinycolor@^3.4.1":
  version "3.6.1"
  resolved "https://registry.npmmirror.com/@ctrl/tinycolor/-/tinycolor-3.6.1.tgz"
  integrity sha512-SITSV6aIXsuVNV3f3O0f2n/cgyEDWoSqtZMYiAmcsYHydcKrOz3gUxB/iXd/Qf08+IZX4KpgNbvUdMBmWz+kcA==

"@element-plus/icons-vue@^2.3.2":
  version "2.3.2"
  resolved "https://registry.npmmirror.com/@element-plus/icons-vue/-/icons-vue-2.3.2.tgz"
  integrity sha512-OzIuTaIfC8QXEPmJvB4Y4kw34rSXdCJzxcD1kFStBvr8bK6X1zQAYDo0CNMjojnfTqRQCJ0I7prlErcoRiET2A==

"@esbuild/win32-x64@0.25.11":
  version "0.25.11"
  resolved "https://registry.npmmirror.com/@esbuild/win32-x64/-/win32-x64-0.25.11.tgz"
  integrity sha512-D7Hpz6A2L4hzsRpPaCYkQnGOotdUpDzSGRIv9I+1ITdHROSFUWW95ZPZWQmGka1Fg7W3zFJowyn9WGwMJ0+KPA==

"@floating-ui/core@^1.7.5":
  version "1.7.5"
  resolved "https://registry.npmmirror.com/@floating-ui/core/-/core-1.7.5.tgz"
  integrity sha512-1Ih4WTWyw0+lKyFMcBHGbb5U5FtuHJuujoyyr5zTaWS5EYMeT6Jb2AuDeftsCsEuchO+mM2ij5+q9crhydzLhQ==
  dependencies:
    "@floating-ui/utils" "^0.2.11"

"@floating-ui/dom@^1.0.1":
  version "1.7.6"
  resolved "https://registry.npmmirror.com/@floating-ui/dom/-/dom-1.7.6.tgz"
  integrity sha512-9gZSAI5XM36880PPMm//9dfiEngYoC6Am2izES1FF406YFsjvyBMmeJ2g4SAju3xWwtuynNRFL2s9hgxpLI5SQ==
  dependencies:
    "@floating-ui/core" "^1.7.5"
    "@floating-ui/utils" "^0.2.11"

"@floating-ui/utils@^0.2.11":
  version "0.2.11"
  resolved "https://registry.npmmirror.com/@floating-ui/utils/-/utils-0.2.11.tgz"
  integrity sha512-RiB/yIh78pcIxl6lLMG0CgBXAZ2Y0eVHqMPYugu+9U0AeT6YBeiJpf7lbdJNIugFP5SIjwNRgo4DhR1Qxi26Gg==

"@jridgewell/gen-mapping@^0.3.12", "@jridgewell/gen-mapping@^0.3.5":
  version "0.3.13"
  resolved "https://registry.npmmirror.com/@jridgewell/gen-mapping/-/gen-mapping-0.3.13.tgz"
  integrity sha512-2kkt/7niJ6MgEPxF0bYdQ6etZaA+fQvDcLKckhy1yIQOzaoKjBBjSj63/aLVjYE3qhRt5dvM+uUyfCg6UKCBbA==
  dependencies:
    "@jridgewell/sourcemap-codec" "^1.5.0"
    "@jridgewell/trace-mapping" "^0.3.24"

"@jridgewell/remapping@^2.3.5":
  version "2.3.5"
  resolved "https://registry.npmmirror.com/@jridgewell/remapping/-/remapping-2.3.5.tgz"
  integrity sha512-LI9u/+laYG4Ds1TDKSJW2YPrIlcVYOwi2fUC6xB43lueCjgxV4lffOCZCtYFiH6TNOX+tQKXx97T4IKHbhyHEQ==
  dependencies:
    "@jridgewell/gen-mapping" "^0.3.5"
    "@jridgewell/trace-mapping" "^0.3.24"

"@jridgewell/resolve-uri@^3.1.0":
  version "3.1.2"
  resolved "https://registry.npmmirror.com/@jridgewell/resolve-uri/-/resolve-uri-3.1.2.tgz"
  integrity sha512-bRISgCIjP20/tbWSPWMEi54QVPRZExkuD9lJL+UIxUKtwVJA8wW1Trb1jMs1RFXo1CBTNZ/5hpC9QvmKWdopKw==

"@jridgewell/sourcemap-codec@^1.4.14", "@jridgewell/sourcemap-codec@^1.5.0", "@jridgewell/sourcemap-codec@^1.5.5":
  version "1.5.5"
  resolved "https://registry.npmmirror.com/@jridgewell/sourcemap-codec/-/sourcemap-codec-1.5.5.tgz"
  integrity sha512-cYQ9310grqxueWbl+WuIUIaiUaDcj7WOq5fVhEljNVgRfOUhY9fy2zTvfoqWsnebh8Sl70VScFbICvJnLKB0Og==

"@jridgewell/trace-mapping@^0.3.24", "@jridgewell/trace-mapping@^0.3.28":
  version "0.3.31"
  resolved "https://registry.npmmirror.com/@jridgewell/trace-mapping/-/trace-mapping-0.3.31.tgz"
  integrity sha512-zzNR+SdQSDJzc8joaeP8QQoCQr8NuYx2dIIytl1QeBEZHJ9uW6hebsrYgbz8hJwUQao3TWCMtmfV8Nu1twOLAw==
  dependencies:
    "@jridgewell/resolve-uri" "^3.1.0"
    "@jridgewell/sourcemap-codec" "^1.4.14"

"@popperjs/core@npm:@sxzz/popperjs-es@^2.11.7":
  version "2.11.8"
  resolved "https://registry.npmmirror.com/@sxzz/popperjs-es/-/popperjs-es-2.11.8.tgz"
  integrity sha512-wOwESXvvED3S8xBmcPWHs2dUuzrE4XiZeFu7e1hROIJkm02a49N120pmOXxY33sBb6hArItm5W5tcg1cBtV+HQ==

"@rollup/rollup-win32-x64-gnu@4.52.5":
  version "4.52.5"
  resolved "https://registry.npmmirror.com/@rollup/rollup-win32-x64-gnu/-/rollup-win32-x64-gnu-4.52.5.tgz"
  integrity sha512-UGBUGPFp1vkj6p8wCRraqNhqwX/4kNQPS57BCFc8wYh0g94iVIW33wJtQAx3G7vrjjNtRaxiMUylM0ktp/TRSQ==

"@rollup/rollup-win32-x64-msvc@4.52.5":
  version "4.52.5"
  resolved "https://registry.npmmirror.com/@rollup/rollup-win32-x64-msvc/-/rollup-win32-x64-msvc-4.52.5.tgz"
  integrity sha512-TAcgQh2sSkykPRWLrdyy2AiceMckNf5loITqXxFI5VuQjS5tSuw3WlwdN8qv8vzjLAUTvYaH/mVjSFpbkFbpTg==

"@tauri-apps/api@^2", "@tauri-apps/api@^2.8.0", "@tauri-apps/api@^2.9.1":
  version "2.10.1"
  resolved "https://registry.npmmirror.com/@tauri-apps/api/-/api-2.10.1.tgz"
  integrity sha512-hKL/jWf293UDSUN09rR69hrToyIXBb8CjGaWC7gfinvnQrBVvnLr08FeFi38gxtugAVyVcTa5/FD/Xnkb1siBw==

"@tauri-apps/cli-win32-x64-msvc@2.9.1":
  version "2.9.1"
  resolved "https://registry.npmmirror.com/@tauri-apps/cli-win32-x64-msvc/-/cli-win32-x64-msvc-2.9.1.tgz"
  integrity sha512-/JHlOzpUDhjBOO9w167bcYxfJbcMQv7ykS/Y07xjtcga8np0rzUzVGWYmLMH7orKcDMC7wjhheEW1x8cbGma/Q==

"@tauri-apps/cli@^2":
  version "2.9.1"
  resolved "https://registry.npmmirror.com/@tauri-apps/cli/-/cli-2.9.1.tgz"
  integrity sha512-kKi2/WWsNXKoMdatBl4xrT7e1Ce27JvsetBVfWuIb6D3ep/Y0WO5SIr70yarXOSWam8NyDur4ipzjZkg6m7VDg==
  optionalDependencies:
    "@tauri-apps/cli-darwin-arm64" "2.9.1"
    "@tauri-apps/cli-darwin-x64" "2.9.1"
    "@tauri-apps/cli-linux-arm-gnueabihf" "2.9.1"
    "@tauri-apps/cli-linux-arm64-gnu" "2.9.1"
    "@tauri-apps/cli-linux-arm64-musl" "2.9.1"
    "@tauri-apps/cli-linux-riscv64-gnu" "2.9.1"
    "@tauri-apps/cli-linux-x64-gnu" "2.9.1"
    "@tauri-apps/cli-linux-x64-musl" "2.9.1"
    "@tauri-apps/cli-win32-arm64-msvc" "2.9.1"
    "@tauri-apps/cli-win32-ia32-msvc" "2.9.1"
    "@tauri-apps/cli-win32-x64-msvc" "2.9.1"

"@tauri-apps/plugin-dialog@^2.6.0":
  version "2.6.0"
  resolved "https://registry.npmmirror.com/@tauri-apps/plugin-dialog/-/plugin-dialog-2.6.0.tgz"
  integrity sha512-q4Uq3eY87TdcYzXACiYSPhmpBA76shgmQswGkSVio4C82Sz2W4iehe9TnKYwbq7weHiL88Yw19XZm7v28+Micg==
  dependencies:
    "@tauri-apps/api" "^2.8.0"

"@tauri-apps/plugin-fs@^2.4.5":
  version "2.4.5"
  resolved "https://registry.npmmirror.com/@tauri-apps/plugin-fs/-/plugin-fs-2.4.5.tgz"
  integrity sha512-dVxWWGE6VrOxC7/jlhyE+ON/Cc2REJlM35R3PJX3UvFw2XwYhLGQVAIyrehenDdKjotipjYEVc4YjOl3qq90fA==
  dependencies:
    "@tauri-apps/api" "^2.8.0"

"@tauri-apps/plugin-opener@^2.5.3":
  version "2.5.3"
  resolved "https://registry.npmmirror.com/@tauri-apps/plugin-opener/-/plugin-opener-2.5.3.tgz"
  integrity sha512-CCcUltXMOfUEArbf3db3kCE7Ggy1ExBEBl51Ko2ODJ6GDYHRp1nSNlQm5uNCFY5k7/ufaK5Ib3Du/Zir19IYQQ==
  dependencies:
    "@tauri-apps/api" "^2.8.0"

"@tauri-apps/plugin-upload@^2.4.0":
  version "2.4.0"
  resolved "https://registry.npmmirror.com/@tauri-apps/plugin-upload/-/plugin-upload-2.4.0.tgz"
  integrity sha512-ebhsqXmiELnpKu2p46EZG14UKxvbVP28BpJBiHzR+quWVrMxm40518PXTDlXXcJUW5CkbmP/6RL5ERSVXBL8sQ==
  dependencies:
    "@tauri-apps/api" "^2.8.0"

"@types/estree@1.0.8":
  version "1.0.8"
  resolved "https://registry.npmmirror.com/@types/estree/-/estree-1.0.8.tgz"
  integrity sha512-dWHzHa2WqEXI/O1E9OjrocMTKJl2mSrEolh1Iomrv6U+JuNwaHXsXx9bLu5gG7BUWFIN0skIQJQ/L1rIex4X6w==

"@types/lodash-es@*", "@types/lodash-es@^4.17.12":
  version "4.17.12"
  resolved "https://registry.npmmirror.com/@types/lodash-es/-/lodash-es-4.17.12.tgz"
  integrity sha512-0NgftHUcV4v34VhXm8QBSftKVXtbkBG3ViCjs6+eJ5a6y6Mi/jiFGPc1sC7QK+9BFhWrURE3EOggmWaSxL9OzQ==
  dependencies:
    "@types/lodash" "*"

"@types/lodash@*", "@types/lodash@^4.17.20":
  version "4.17.24"
  resolved "https://registry.npmmirror.com/@types/lodash/-/lodash-4.17.24.tgz"
  integrity sha512-gIW7lQLZbue7lRSWEFql49QJJWThrTFFeIMJdp3eH4tKoxm1OvEPg02rm4wCCSHS0cL3/Fizimb35b7k8atwsQ==

"@types/web-bluetooth@^0.0.20":
  version "0.0.20"
  resolved "https://registry.npmmirror.com/@types/web-bluetooth/-/web-bluetooth-0.0.20.tgz"
  integrity sha512-g9gZnnXVq7gM7v3tJCWV/qw7w+KeOlSHAhgF9RytFyifW6AF61hdT2ucrYhPq9hLs5JIryeupHV3qGk95dH9ow==

"@vitejs/plugin-vue@^5.2.1":
  version "5.2.4"
  resolved "https://registry.npmmirror.com/@vitejs/plugin-vue/-/plugin-vue-5.2.4.tgz"
  integrity sha512-7Yx/SXSOcQq5HiiV3orevHUFn+pmMB4cgbEkDYgnkUWb0WfeQ/wa2yFv6D5ICiCQOVpjA7vYDXrC7AGO8yjDHA==

"@vue-macros/common@^3.1.1":
  version "3.1.2"
  resolved "https://registry.npmmirror.com/@vue-macros/common/-/common-3.1.2.tgz"
  integrity sha512-h9t4ArDdniO9ekYHAD95t9AZcAbb19lEGK+26iAjUODOIJKmObDNBSe4+6ELQAA3vtYiFPPBtHh7+cQCKi3Dng==
  dependencies:
    "@vue/compiler-sfc" "^3.5.22"
    ast-kit "^2.1.2"
    local-pkg "^1.1.2"
    magic-string-ast "^1.0.2"
    unplugin-utils "^0.3.0"

"@vue/compiler-core@3.5.22":
  version "3.5.22"
  resolved "https://registry.npmmirror.com/@vue/compiler-core/-/compiler-core-3.5.22.tgz"
  integrity sha512-jQ0pFPmZwTEiRNSb+i9Ow/I/cHv2tXYqsnHKKyCQ08irI2kdF5qmYedmF8si8mA7zepUFmJ2hqzS8CQmNOWOkQ==
  dependencies:
    "@babel/parser" "^7.28.4"
    "@vue/shared" "3.5.22"
    entities "^4.5.0"
    estree-walker "^2.0.2"
    source-map-js "^1.2.1"

"@vue/compiler-dom@3.5.22":
  version "3.5.22"
  resolved "https://registry.npmmirror.com/@vue/compiler-dom/-/compiler-dom-3.5.22.tgz"
  integrity sha512-W8RknzUM1BLkypvdz10OVsGxnMAuSIZs9Wdx1vzA3mL5fNMN15rhrSCLiTm6blWeACwUwizzPVqGJgOGBEN/hA==
  dependencies:
    "@vue/compiler-core" "3.5.22"
    "@vue/shared" "3.5.22"

"@vue/compiler-sfc@^3.5.17", "@vue/compiler-sfc@^3.5.22", "@vue/compiler-sfc@3.5.22":
  version "3.5.22"
  resolved "https://registry.npmmirror.com/@vue/compiler-sfc/-/compiler-sfc-3.5.22.tgz"
  integrity sha512-tbTR1zKGce4Lj+JLzFXDq36K4vcSZbJ1RBu8FxcDv1IGRz//Dh2EBqksyGVypz3kXpshIfWKGOCcqpSbyGWRJQ==
  dependencies:
    "@babel/parser" "^7.28.4"
    "@vue/compiler-core" "3.5.22"
    "@vue/compiler-dom" "3.5.22"
    "@vue/compiler-ssr" "3.5.22"
    "@vue/shared" "3.5.22"
    estree-walker "^2.0.2"
    magic-string "^0.30.19"
    postcss "^8.5.6"
    source-map-js "^1.2.1"

"@vue/compiler-ssr@3.5.22":
  version "3.5.22"
  resolved "https://registry.npmmirror.com/@vue/compiler-ssr/-/compiler-ssr-3.5.22.tgz"
  integrity sha512-GdgyLvg4R+7T8Nk2Mlighx7XGxq/fJf9jaVofc3IL0EPesTE86cP/8DD1lT3h1JeZr2ySBvyqKQJgbS54IX1Ww==
  dependencies:
    "@vue/compiler-dom" "3.5.22"
    "@vue/shared" "3.5.22"

"@vue/devtools-api@^8.0.6":
  version "8.0.7"
  resolved "https://registry.npmmirror.com/@vue/devtools-api/-/devtools-api-8.0.7.tgz"
  integrity sha512-tc1TXAxclsn55JblLkFVcIRG7MeSJC4fWsPjfM7qu/IcmPUYnQ5Q8vzWwBpyDY24ZjmZTUCCwjRSNbx58IhlAA==
  dependencies:
    "@vue/devtools-kit" "^8.0.7"

"@vue/devtools-kit@^8.0.7":
  version "8.0.7"
  resolved "https://registry.npmmirror.com/@vue/devtools-kit/-/devtools-kit-8.0.7.tgz"
  integrity sha512-H6esJGHGl5q0E9iV3m2EoBQHJ+V83WMW83A0/+Fn95eZ2iIvdsq4+UCS6yT/Fdd4cGZSchx/MdWDreM3WqMsDw==
  dependencies:
    "@vue/devtools-shared" "^8.0.7"
    birpc "^2.6.1"
    hookable "^5.5.3"
    perfect-debounce "^2.0.0"

"@vue/devtools-shared@^8.0.7":
  version "8.0.7"
  resolved "https://registry.npmmirror.com/@vue/devtools-shared/-/devtools-shared-8.0.7.tgz"
  integrity sha512-CgAb9oJH5NUmbQRdYDj/1zMiaICYSLtm+B1kxcP72LBrifGAjUmt8bx52dDH1gWRPlQgxGPqpAMKavzVirAEhA==

"@vue/reactivity@3.5.22":
  version "3.5.22"
  resolved "https://registry.npmmirror.com/@vue/reactivity/-/reactivity-3.5.22.tgz"
  integrity sha512-f2Wux4v/Z2pqc9+4SmgZC1p73Z53fyD90NFWXiX9AKVnVBEvLFOWCEgJD3GdGnlxPZt01PSlfmLqbLYzY/Fw4A==
  dependencies:
    "@vue/shared" "3.5.22"

"@vue/runtime-core@3.5.22":
  version "3.5.22"
  resolved "https://registry.npmmirror.com/@vue/runtime-core/-/runtime-core-3.5.22.tgz"
  integrity sha512-EHo4W/eiYeAzRTN5PCextDUZ0dMs9I8mQ2Fy+OkzvRPUYQEyK9yAjbasrMCXbLNhF7P0OUyivLjIy0yc6VrLJQ==
  dependencies:
    "@vue/reactivity" "3.5.22"
    "@vue/shared" "3.5.22"

"@vue/runtime-dom@3.5.22":
  version "3.5.22"
  resolved "https://registry.npmmirror.com/@vue/runtime-dom/-/runtime-dom-3.5.22.tgz"
  integrity sha512-Av60jsryAkI023PlN7LsqrfPvwfxOd2yAwtReCjeuugTJTkgrksYJJstg1e12qle0NarkfhfFu1ox2D+cQotww==
  dependencies:
    "@vue/reactivity" "3.5.22"
    "@vue/runtime-core" "3.5.22"
    "@vue/shared" "3.5.22"
    csstype "^3.1.3"

"@vue/server-renderer@3.5.22":
  version "3.5.22"
  resolved "https://registry.npmmirror.com/@vue/server-renderer/-/server-renderer-3.5.22.tgz"
  integrity sha512-gXjo+ao0oHYTSswF+a3KRHZ1WszxIqO7u6XwNHqcqb9JfyIL/pbWrrh/xLv7jeDqla9u+LK7yfZKHih1e1RKAQ==
  dependencies:
    "@vue/compiler-ssr" "3.5.22"
    "@vue/shared" "3.5.22"

"@vue/shared@3.5.22":
  version "3.5.22"
  resolved "https://registry.npmmirror.com/@vue/shared/-/shared-3.5.22.tgz"
  integrity sha512-F4yc6palwq3TT0u+FYf0Ns4Tfl9GRFURDN2gWG7L1ecIaS/4fCIuFOjMTnCyjsu/OK6vaDKLCrGAa+KvvH+h4w==

"@vueuse/core@^10.11.0":
  version "10.11.1"
  resolved "https://registry.npmmirror.com/@vueuse/core/-/core-10.11.1.tgz"
  integrity sha512-guoy26JQktXPcz+0n3GukWIy/JDNKti9v6VEMu6kV2sYBsWuGiTU8OWdg+ADfUbHg3/3DlqySDe7JmdHrktiww==
  dependencies:
    "@types/web-bluetooth" "^0.0.20"
    "@vueuse/metadata" "10.11.1"
    "@vueuse/shared" "10.11.1"
    vue-demi ">=0.14.8"

"@vueuse/metadata@10.11.1":
  version "10.11.1"
  resolved "https://registry.npmmirror.com/@vueuse/metadata/-/metadata-10.11.1.tgz"
  integrity sha512-IGa5FXd003Ug1qAZmyE8wF3sJ81xGLSqTqtQ6jaVfkeZ4i5kS2mwQF61yhVqojRnenVew5PldLyRgvdl4YYuSw==

"@vueuse/shared@10.11.1":
  version "10.11.1"
  resolved "https://registry.npmmirror.com/@vueuse/shared/-/shared-10.11.1.tgz"
  integrity sha512-LHpC8711VFZlDaYUXEBbFBCQ7GS3dVU9mjOhhMhXP6txTV4EhYQg/KGnQuvt/sPAtoUKq7VVUnL6mVtFoL42sA==
  dependencies:
    vue-demi ">=0.14.8"

acorn@^8.16.0:
  version "8.16.0"
  resolved "https://registry.npmmirror.com/acorn/-/acorn-8.16.0.tgz"
  integrity sha512-UVJyE9MttOsBQIDKw1skb9nAwQuR5wuGD3+82K6JgJlm/Y+KI92oNsMNGZCYdDsVtRHSak0pcV5Dno5+4jh9sw==

ast-kit@^2.1.2, ast-kit@^2.1.3:
  version "2.2.0"
  resolved "https://registry.npmmirror.com/ast-kit/-/ast-kit-2.2.0.tgz"
  integrity sha512-m1Q/RaVOnTp9JxPX+F+Zn7IcLYMzM8kZofDImfsKZd8MbR+ikdOzTeztStWqfrqIxZnYWryyI9ePm3NGjnZgGw==
  dependencies:
    "@babel/parser" "^7.28.5"
    pathe "^2.0.3"

ast-walker-scope@^0.8.3:
  version "0.8.3"
  resolved "https://registry.npmmirror.com/ast-walker-scope/-/ast-walker-scope-0.8.3.tgz"
  integrity sha512-cbdCP0PGOBq0ASG+sjnKIoYkWMKhhz+F/h9pRexUdX2Hd38+WOlBkRKlqkGOSm0YQpcFMQBJeK4WspUAkwsEdg==
  dependencies:
    "@babel/parser" "^7.28.4"
    ast-kit "^2.1.3"

async-validator@^4.2.5:
  version "4.2.5"
  resolved "https://registry.npmmirror.com/async-validator/-/async-validator-4.2.5.tgz"
  integrity sha512-7HhHjtERjqlNbZtqNqy2rckN/SpOOlmDliet+lP7k+eKZEjPk3DgyeU9lIXLdeLz0uBbbVp+9Qdow9wJWgwwfg==

bcrypt@^6.0.0:
  version "6.0.0"
  resolved "https://registry.npmmirror.com/bcrypt/-/bcrypt-6.0.0.tgz"
  integrity sha512-cU8v/EGSrnH+HnxV2z0J7/blxH8gq7Xh2JFT6Aroax7UohdmiJJlxApMxtKfuI7z68NvvVcmR78k2LbT6efhRg==
  dependencies:
    node-addon-api "^8.3.0"
    node-gyp-build "^4.8.4"

birpc@^2.6.1:
  version "2.9.0"
  resolved "https://registry.npmmirror.com/birpc/-/birpc-2.9.0.tgz"
  integrity sha512-KrayHS5pBi69Xi9JmvoqrIgYGDkD6mcSe/i6YKi3w5kekCLzrX4+nawcXqrj2tIp50Kw/mT/s3p+GVK0A0sKxw==

chokidar@^5.0.0:
  version "5.0.0"
  resolved "https://registry.npmmirror.com/chokidar/-/chokidar-5.0.0.tgz"
  integrity sha512-TQMmc3w+5AxjpL8iIiwebF73dRDF4fBIieAqGn9RGCWaEVwQ6Fb2cGe31Yns0RRIzii5goJ1Y7xbMwo1TxMplw==
  dependencies:
    readdirp "^5.0.0"

confbox@^0.1.8:
  version "0.1.8"
  resolved "https://registry.npmmirror.com/confbox/-/confbox-0.1.8.tgz"
  integrity sha512-RMtmw0iFkeR4YV+fUOSucriAQNb9g8zFR52MWCtl+cCZOFRNL6zeB395vPzFhEjjn4fMxXudmELnl/KF/WrK6w==

confbox@^0.2.2:
  version "0.2.4"
  resolved "https://registry.npmmirror.com/confbox/-/confbox-0.2.4.tgz"
  integrity sha512-ysOGlgTFbN2/Y6Cg3Iye8YKulHw+R2fNXHrgSmXISQdMnomY6eNDprVdW9R5xBguEqI954+S6709UyiO7B+6OQ==

csstype@^3.1.3:
  version "3.2.3"
  resolved "https://registry.npmmirror.com/csstype/-/csstype-3.2.3.tgz"
  integrity sha512-z1HGKcYy2xA8AGQfwrn0PAy+PB7X/GSj3UVJW9qKyn43xWa+gl5nXmU4qqLMRzWVLFC8KusUX8T/0kCiOYpAIQ==

dayjs@^1.11.19:
  version "1.11.19"
  resolved "https://registry.npmmirror.com/dayjs/-/dayjs-1.11.19.tgz"
  integrity sha512-t5EcLVS6QPBNqM2z8fakk/NKel+Xzshgt8FFKAn+qwlD1pzZWxh0nVCrvFK7ZDb6XucZeF9z8C7CBWTRIVApAw==

element-plus@^2.13.3:
  version "2.13.3"
  resolved "https://registry.npmmirror.com/element-plus/-/element-plus-2.13.3.tgz"
  integrity sha512-RwLVtFpeHjZ4UCtHxVi1/sGR2cr2xOL7hqWa7qJc/+gdO6QavVG8Nw1C647obCb3tIg2ztMhNbIIjZUv+6z1og==
  dependencies:
    "@ctrl/tinycolor" "^3.4.1"
    "@element-plus/icons-vue" "^2.3.2"
    "@floating-ui/dom" "^1.0.1"
    "@popperjs/core" "npm:@sxzz/popperjs-es@^2.11.7"
    "@types/lodash" "^4.17.20"
    "@types/lodash-es" "^4.17.12"
    "@vueuse/core" "^10.11.0"
    async-validator "^4.2.5"
    dayjs "^1.11.19"
    lodash "^4.17.23"
    lodash-es "^4.17.23"
    lodash-unified "^1.0.3"
    memoize-one "^6.0.0"
    normalize-wheel-es "^1.2.0"

entities@^4.5.0:
  version "4.5.0"
  resolved "https://registry.npmmirror.com/entities/-/entities-4.5.0.tgz"
  integrity sha512-V0hjH4dGPh9Ao5p0MoRY6BVqtwCjhz6vI5LT8AJ55H+4g9/4vbHx1I54fS0XuclLhDHArPQCiMjDxjaL8fPxhw==

esbuild@^0.25.0:
  version "0.25.11"
  resolved "https://registry.npmmirror.com/esbuild/-/esbuild-0.25.11.tgz"
  integrity sha512-KohQwyzrKTQmhXDW1PjCv3Tyspn9n5GcY2RTDqeORIdIJY8yKIF7sTSopFmn/wpMPW4rdPXI0UE5LJLuq3bx0Q==
  optionalDependencies:
    "@esbuild/aix-ppc64" "0.25.11"
    "@esbuild/android-arm" "0.25.11"
    "@esbuild/android-arm64" "0.25.11"
    "@esbuild/android-x64" "0.25.11"
    "@esbuild/darwin-arm64" "0.25.11"
    "@esbuild/darwin-x64" "0.25.11"
    "@esbuild/freebsd-arm64" "0.25.11"
    "@esbuild/freebsd-x64" "0.25.11"
    "@esbuild/linux-arm" "0.25.11"
    "@esbuild/linux-arm64" "0.25.11"
    "@esbuild/linux-ia32" "0.25.11"
    "@esbuild/linux-loong64" "0.25.11"
    "@esbuild/linux-mips64el" "0.25.11"
    "@esbuild/linux-ppc64" "0.25.11"
    "@esbuild/linux-riscv64" "0.25.11"
    "@esbuild/linux-s390x" "0.25.11"
    "@esbuild/linux-x64" "0.25.11"
    "@esbuild/netbsd-arm64" "0.25.11"
    "@esbuild/netbsd-x64" "0.25.11"
    "@esbuild/openbsd-arm64" "0.25.11"
    "@esbuild/openbsd-x64" "0.25.11"
    "@esbuild/openharmony-arm64" "0.25.11"
    "@esbuild/sunos-x64" "0.25.11"
    "@esbuild/win32-arm64" "0.25.11"
    "@esbuild/win32-ia32" "0.25.11"
    "@esbuild/win32-x64" "0.25.11"

estree-walker@^2.0.2:
  version "2.0.2"
  resolved "https://registry.npmmirror.com/estree-walker/-/estree-walker-2.0.2.tgz"
  integrity sha512-Rfkk/Mp/DL7JVje3u18FxFujQlTNR2q6QfMSMB7AvCBx91NGj/ba3kCfza0f6dVDbw7YlRf/nDrn7pQrCCyQ/w==

exsolve@^1.0.7:
  version "1.0.8"
  resolved "https://registry.npmmirror.com/exsolve/-/exsolve-1.0.8.tgz"
  integrity sha512-LmDxfWXwcTArk8fUEnOfSZpHOJ6zOMUJKOtFLFqJLoKJetuQG874Uc7/Kki7zFLzYybmZhp1M7+98pfMqeX8yA==

fdir@^6.4.4, fdir@^6.5.0:
  version "6.5.0"
  resolved "https://registry.npmmirror.com/fdir/-/fdir-6.5.0.tgz"
  integrity sha512-tIbYtZbucOs0BRGqPJkshJUYdL+SDH7dVM8gjy+ERp3WAUjLEFJE+02kanyHtwjWOnwrKYBiwAmM0p4kLJAnXg==

hookable@^5.5.3:
  version "5.5.3"
  resolved "https://registry.npmmirror.com/hookable/-/hookable-5.5.3.tgz"
  integrity sha512-Yc+BQe8SvoXH1643Qez1zqLRmbA5rCL+sSmk6TVos0LWVfNIB7PGncdlId77WzLGSIB5KaWgTaNTs2lNVEI6VQ==

jsesc@^3.0.2:
  version "3.1.0"
  resolved "https://registry.npmmirror.com/jsesc/-/jsesc-3.1.0.tgz"
  integrity sha512-/sM3dO2FOzXjKQhJuo0Q173wf2KOo8t4I8vHy6lF9poUp7bKT0/NHE8fPX23PwfhnykfqnC2xRxOnVw5XuGIaA==

json5@^2.2.3:
  version "2.2.3"
  resolved "https://registry.npmmirror.com/json5/-/json5-2.2.3.tgz"
  integrity sha512-XmOWe7eyHYH14cLdVPoyg+GOH3rYX++KpzrylJwSW98t3Nk+U8XOl8FWKOgwtzdb8lXGf6zYwDUzeHMWfxasyg==

local-pkg@^1.1.2:
  version "1.1.2"
  resolved "https://registry.npmmirror.com/local-pkg/-/local-pkg-1.1.2.tgz"
  integrity sha512-arhlxbFRmoQHl33a0Zkle/YWlmNwoyt6QNZEIJcqNbdrsix5Lvc4HyyI3EnwxTYlZYc32EbYrQ8SzEZ7dqgg9A==
  dependencies:
    mlly "^1.7.4"
    pkg-types "^2.3.0"
    quansync "^0.2.11"

lodash-es@*, lodash-es@^4.17.23:
  version "4.17.23"
  resolved "https://registry.npmmirror.com/lodash-es/-/lodash-es-4.17.23.tgz"
  integrity sha512-kVI48u3PZr38HdYz98UmfPnXl2DXrpdctLrFLCd3kOx1xUkOmpFPx7gCWWM5MPkL/fD8zb+Ph0QzjGFs4+hHWg==

lodash-unified@^1.0.3:
  version "1.0.3"
  resolved "https://registry.npmmirror.com/lodash-unified/-/lodash-unified-1.0.3.tgz"
  integrity sha512-WK9qSozxXOD7ZJQlpSqOT+om2ZfcT4yO+03FuzAHD0wF6S0l0090LRPDx3vhTTLZ8cFKpBn+IOcVXK6qOcIlfQ==

lodash@*, lodash@^4.17.23:
  version "4.17.23"
  resolved "https://registry.npmmirror.com/lodash/-/lodash-4.17.23.tgz"
  integrity sha512-LgVTMpQtIopCi79SJeDiP0TfWi5CNEc/L/aRdTh3yIvmZXTnheWpKjSZhnvMl8iXbC1tFg9gdHHDMLoV7CnG+w==

magic-string-ast@^1.0.2:
  version "1.0.3"
  resolved "https://registry.npmmirror.com/magic-string-ast/-/magic-string-ast-1.0.3.tgz"
  integrity sha512-CvkkH1i81zl7mmb94DsRiFeG9V2fR2JeuK8yDgS8oiZSFa++wWLEgZ5ufEOyLHbvSbD1gTRKv9NdX69Rnvr9JA==
  dependencies:
    magic-string "^0.30.19"

magic-string@^0.30.19, magic-string@^0.30.21:
  version "0.30.21"
  resolved "https://registry.npmmirror.com/magic-string/-/magic-string-0.30.21.tgz"
  integrity sha512-vd2F4YUyEXKGcLHoq+TEyCjxueSeHnFxyyjNp80yg0XV4vUhnDer/lvvlqM/arB5bXQN5K2/3oinyCRyx8T2CQ==
  dependencies:
    "@jridgewell/sourcemap-codec" "^1.5.5"

memoize-one@^6.0.0:
  version "6.0.0"
  resolved "https://registry.npmmirror.com/memoize-one/-/memoize-one-6.0.0.tgz"
  integrity sha512-rkpe71W0N0c0Xz6QD0eJETuWAJGnJ9afsl1srmwPrI+yBCkge5EycXXbYRyvL29zZVUWQCY7InPRCv3GDXuZNw==

mlly@^1.7.4, mlly@^1.8.0:
  version "1.8.1"
  resolved "https://registry.npmmirror.com/mlly/-/mlly-1.8.1.tgz"
  integrity sha512-SnL6sNutTwRWWR/vcmCYHSADjiEesp5TGQQ0pXyLhW5IoeibRlF/CbSLailbB3CNqJUk9cVJ9dUDnbD7GrcHBQ==
  dependencies:
    acorn "^8.16.0"
    pathe "^2.0.3"
    pkg-types "^1.3.1"
    ufo "^1.6.3"

muggle-string@^0.4.1:
  version "0.4.1"
  resolved "https://registry.npmmirror.com/muggle-string/-/muggle-string-0.4.1.tgz"
  integrity sha512-VNTrAak/KhO2i8dqqnqnAHOa3cYBwXEZe9h+D5h/1ZqFSTEFHdM65lR7RoIqq3tBBYavsOXV84NoHXZ0AkPyqQ==

nanoid@^3.3.11:
  version "3.3.11"
  resolved "https://registry.npmmirror.com/nanoid/-/nanoid-3.3.11.tgz"
  integrity sha512-N8SpfPUnUp1bK+PMYW8qSWdl9U+wwNWI4QKxOYDy9JAro3WMX7p2OeVRF9v+347pnakNevPmiHhNmZ2HbFA76w==

node-addon-api@^8.3.0:
  version "8.6.0"
  resolved "https://registry.npmmirror.com/node-addon-api/-/node-addon-api-8.6.0.tgz"
  integrity sha512-gBVjCaqDlRUk0EwoPNKzIr9KkS9041G/q31IBShPs1Xz6UTA+EXdZADbzqAJQrpDRq71CIMnOP5VMut3SL0z5Q==

node-gyp-build@^4.8.4:
  version "4.8.4"
  resolved "https://registry.npmmirror.com/node-gyp-build/-/node-gyp-build-4.8.4.tgz"
  integrity sha512-LA4ZjwlnUblHVgq0oBF3Jl/6h/Nvs5fzBLwdEF4nuxnFdsfajde4WfxtJr3CaiH+F6ewcIB/q4jQ4UzPyid+CQ==

normalize-wheel-es@^1.2.0:
  version "1.2.0"
  resolved "https://registry.npmmirror.com/normalize-wheel-es/-/normalize-wheel-es-1.2.0.tgz"
  integrity sha512-Wj7+EJQ8mSuXr2iWfnujrimU35R2W4FAErEyTmJoJ7ucwTn2hOUSsRehMb5RSYkxXGTM7Y9QpvPmp++w5ftoJw==

pathe@^2.0.1, pathe@^2.0.3:
  version "2.0.3"
  resolved "https://registry.npmmirror.com/pathe/-/pathe-2.0.3.tgz"
  integrity sha512-WUjGcAqP1gQacoQe+OBJsFA7Ld4DyXuUIjZ5cc75cLHvJ7dtNsTugphxIADwspS+AraAUePCKrSVtPLFj/F88w==

perfect-debounce@^2.0.0:
  version "2.1.0"
  resolved "https://registry.npmmirror.com/perfect-debounce/-/perfect-debounce-2.1.0.tgz"
  integrity sha512-LjgdTytVFXeUgtHZr9WYViYSM/g8MkcTPYDlPa3cDqMirHjKiSZPYd6DoL7pK8AJQr+uWkQvCjHNdiMqsrJs+g==

picocolors@^1.1.1:
  version "1.1.1"
  resolved "https://registry.npmmirror.com/picocolors/-/picocolors-1.1.1.tgz"
  integrity sha512-xceH2snhtb5M9liqDsmEw56le376mTZkEX/jEb/RxNFyegNul7eNslCXP9FDj/Lcu0X8KEyMceP2ntpaHrDEVA==

"picomatch@^3 || ^4", picomatch@^4.0.2, picomatch@^4.0.3:
  version "4.0.3"
  resolved "https://registry.npmmirror.com/picomatch/-/picomatch-4.0.3.tgz"
  integrity sha512-5gTmgEY/sqK6gFXLIsQNH19lWb4ebPDLA4SdLP7dsWkIXHWlG66oPuVvXSGFPppYZz8ZDZq0dYYrbHfBCVUb1Q==

pkg-types@^1.3.1:
  version "1.3.1"
  resolved "https://registry.npmmirror.com/pkg-types/-/pkg-types-1.3.1.tgz"
  integrity sha512-/Jm5M4RvtBFVkKWRu2BLUTNP8/M2a+UwuAX+ae4770q1qVGtfjG+WTCupoZixokjmHiry8uI+dlY8KXYV5HVVQ==
  dependencies:
    confbox "^0.1.8"
    mlly "^1.7.4"
    pathe "^2.0.1"

pkg-types@^2.3.0:
  version "2.3.0"
  resolved "https://registry.npmmirror.com/pkg-types/-/pkg-types-2.3.0.tgz"
  integrity sha512-SIqCzDRg0s9npO5XQ3tNZioRY1uK06lA41ynBC1YmFTmnY6FjUjVt6s4LoADmwoig1qqD0oK8h1p/8mlMx8Oig==
  dependencies:
    confbox "^0.2.2"
    exsolve "^1.0.7"
    pathe "^2.0.3"

postcss@^8.5.3, postcss@^8.5.6:
  version "8.5.6"
  resolved "https://registry.npmmirror.com/postcss/-/postcss-8.5.6.tgz"
  integrity sha512-3Ybi1tAuwAP9s0r1UQ2J4n5Y0G05bJkpUIO0/bI9MhwmD70S5aTWbXGBwxHrelT+XM1k6dM0pk+SwNkpTRN7Pg==
  dependencies:
    nanoid "^3.3.11"
    picocolors "^1.1.1"
    source-map-js "^1.2.1"

quansync@^0.2.11:
  version "0.2.11"
  resolved "https://registry.npmmirror.com/quansync/-/quansync-0.2.11.tgz"
  integrity sha512-AifT7QEbW9Nri4tAwR5M/uzpBuqfZf+zwaEM/QkzEjj7NBuFD2rBuy0K3dE+8wltbezDV7JMA0WfnCPYRSYbXA==

readdirp@^5.0.0:
  version "5.0.0"
  resolved "https://registry.npmmirror.com/readdirp/-/readdirp-5.0.0.tgz"
  integrity sha512-9u/XQ1pvrQtYyMpZe7DXKv2p5CNvyVwzUB6uhLAnQwHMSgKMBR62lc7AHljaeteeHXn11XTAaLLUVZYVZyuRBQ==

rollup@^4.34.9:
  version "4.52.5"
  resolved "https://registry.npmmirror.com/rollup/-/rollup-4.52.5.tgz"
  integrity sha512-3GuObel8h7Kqdjt0gxkEzaifHTqLVW56Y/bjN7PSQtkKr0w3V/QYSdt6QWYtd7A1xUtYQigtdUfgj1RvWVtorw==
  dependencies:
    "@types/estree" "1.0.8"
  optionalDependencies:
    "@rollup/rollup-android-arm-eabi" "4.52.5"
    "@rollup/rollup-android-arm64" "4.52.5"
    "@rollup/rollup-darwin-arm64" "4.52.5"
    "@rollup/rollup-darwin-x64" "4.52.5"
    "@rollup/rollup-freebsd-arm64" "4.52.5"
    "@rollup/rollup-freebsd-x64" "4.52.5"
    "@rollup/rollup-linux-arm-gnueabihf" "4.52.5"
    "@rollup/rollup-linux-arm-musleabihf" "4.52.5"
    "@rollup/rollup-linux-arm64-gnu" "4.52.5"
    "@rollup/rollup-linux-arm64-musl" "4.52.5"
    "@rollup/rollup-linux-loong64-gnu" "4.52.5"
    "@rollup/rollup-linux-ppc64-gnu" "4.52.5"
    "@rollup/rollup-linux-riscv64-gnu" "4.52.5"
    "@rollup/rollup-linux-riscv64-musl" "4.52.5"
    "@rollup/rollup-linux-s390x-gnu" "4.52.5"
    "@rollup/rollup-linux-x64-gnu" "4.52.5"
    "@rollup/rollup-linux-x64-musl" "4.52.5"
    "@rollup/rollup-openharmony-arm64" "4.52.5"
    "@rollup/rollup-win32-arm64-msvc" "4.52.5"
    "@rollup/rollup-win32-ia32-msvc" "4.52.5"
    "@rollup/rollup-win32-x64-gnu" "4.52.5"
    "@rollup/rollup-win32-x64-msvc" "4.52.5"
    fsevents "~2.3.2"

scule@^1.3.0:
  version "1.3.0"
  resolved "https://registry.npmmirror.com/scule/-/scule-1.3.0.tgz"
  integrity sha512-6FtHJEvt+pVMIB9IBY+IcCJ6Z5f1iQnytgyfKMhDKgmzYG+TeH/wx1y3l27rshSbLiSanrR9ffZDrEsmjlQF2g==

source-map-js@^1.2.1:
  version "1.2.1"
  resolved "https://registry.npmmirror.com/source-map-js/-/source-map-js-1.2.1.tgz"
  integrity sha512-UXWMKhLOwVKb728IUtQPXxfYU+usdybtUrK/8uGE8CQMvrhOpwvzDBwj0QhSL7MQc7vIsISBG8VQ8+IDQxpfQA==

tauri-plugin-cache-api@^0.1.6:
  version "0.1.6"
  resolved "https://registry.npmmirror.com/tauri-plugin-cache-api/-/tauri-plugin-cache-api-0.1.6.tgz"
  integrity sha512-JjkyoISdJLh1M8+wtz/qUglXMVQiim/VR3bQZxijq7GMiPu1DZScMCmIOxEZEPipkF0Y9cRh+svxR2n6oOZl9w==
  dependencies:
    "@tauri-apps/api" "^2.9.1"

tinyglobby@^0.2.13, tinyglobby@^0.2.15:
  version "0.2.15"
  resolved "https://registry.npmmirror.com/tinyglobby/-/tinyglobby-0.2.15.tgz"
  integrity sha512-j2Zq4NyQYG5XMST4cbs02Ak8iJUdxRM0XI5QyxXuZOzKOINmWurp3smXu3y5wDcJrptwpSjgXHzIQxR0omXljQ==
  dependencies:
    fdir "^6.5.0"
    picomatch "^4.0.3"

ufo@^1.6.3:
  version "1.6.3"
  resolved "https://registry.npmmirror.com/ufo/-/ufo-1.6.3.tgz"
  integrity sha512-yDJTmhydvl5lJzBmy/hyOAA0d+aqCBuwl818haVdYCRrWV84o7YyeVm4QlVHStqNrrJSTb6jKuFAVqAFsr+K3Q==

unplugin-utils@^0.3.0, unplugin-utils@^0.3.1:
  version "0.3.1"
  resolved "https://registry.npmmirror.com/unplugin-utils/-/unplugin-utils-0.3.1.tgz"
  integrity sha512-5lWVjgi6vuHhJ526bI4nlCOmkCIF3nnfXkCMDeMJrtdvxTs6ZFCM8oNufGTsDbKv/tJ/xj8RpvXjRuPBZJuJog==
  dependencies:
    pathe "^2.0.3"
    picomatch "^4.0.3"

unplugin@^3.0.0:
  version "3.0.0"
  resolved "https://registry.npmmirror.com/unplugin/-/unplugin-3.0.0.tgz"
  integrity sha512-0Mqk3AT2TZCXWKdcoaufeXNukv2mTrEZExeXlHIOZXdqYoHHr4n51pymnwV8x2BOVxwXbK2HLlI7usrqMpycdg==
  dependencies:
    "@jridgewell/remapping" "^2.3.5"
    picomatch "^4.0.3"
    webpack-virtual-modules "^0.6.2"

"vite@^5.0.0 || ^6.0.0", vite@^6.0.3:
  version "6.4.1"
  resolved "https://registry.npmmirror.com/vite/-/vite-6.4.1.tgz"
  integrity sha512-+Oxm7q9hDoLMyJOYfUYBuHQo+dkAloi33apOPP56pzj+vsdJDzr+j1NISE5pyaAuKL4A3UD34qd0lx5+kfKp2g==
  dependencies:
    esbuild "^0.25.0"
    fdir "^6.4.4"
    picomatch "^4.0.2"
    postcss "^8.5.3"
    rollup "^4.34.9"
    tinyglobby "^0.2.13"
  optionalDependencies:
    fsevents "~2.3.3"

vue-demi@>=0.14.8:
  version "0.14.10"
  resolved "https://registry.npmmirror.com/vue-demi/-/vue-demi-0.14.10.tgz"
  integrity sha512-nMZBOwuzabUO0nLgIcc6rycZEebF6eeUfaiQx9+WSk8e29IbLvPU9feI6tqW4kTo3hvoYAJkMh8n8D0fuISphg==

vue-router@^5.0.3:
  version "5.0.3"
  resolved "https://registry.npmmirror.com/vue-router/-/vue-router-5.0.3.tgz"
  integrity sha512-nG1c7aAFac7NYj8Hluo68WyWfc41xkEjaR0ViLHCa3oDvTQ/nIuLJlXJX1NUPw/DXzx/8+OKMng045HHQKQKWw==
  dependencies:
    "@babel/generator" "^7.28.6"
    "@vue-macros/common" "^3.1.1"
    "@vue/devtools-api" "^8.0.6"
    ast-walker-scope "^0.8.3"
    chokidar "^5.0.0"
    json5 "^2.2.3"
    local-pkg "^1.1.2"
    magic-string "^0.30.21"
    mlly "^1.8.0"
    muggle-string "^0.4.1"
    pathe "^2.0.3"
    picomatch "^4.0.3"
    scule "^1.3.0"
    tinyglobby "^0.2.15"
    unplugin "^3.0.0"
    unplugin-utils "^0.3.1"
    yaml "^2.8.2"

"vue@^2.7.0 || ^3.2.25", "vue@^3.0.0-0 || ^2.6.0", vue@^3.2.0, vue@^3.2.25, vue@^3.3.0, vue@^3.5.0, vue@^3.5.13, vue@^3.5.17, vue@3.5.22:
  version "3.5.22"
  resolved "https://registry.npmmirror.com/vue/-/vue-3.5.22.tgz"
  integrity sha512-toaZjQ3a/G/mYaLSbV+QsQhIdMo9x5rrqIpYRObsJ6T/J+RyCSFwN2LHNVH9v8uIcljDNa3QzPVdv3Y6b9hAJQ==
  dependencies:
    "@vue/compiler-dom" "3.5.22"
    "@vue/compiler-sfc" "3.5.22"
    "@vue/runtime-dom" "3.5.22"
    "@vue/server-renderer" "3.5.22"
    "@vue/shared" "3.5.22"

vue3-masonry-css@^1.0.8:
  version "1.0.8"
  resolved "https://registry.npmmirror.com/vue3-masonry-css/-/vue3-masonry-css-1.0.8.tgz"
  integrity sha512-USOQL4RciTrzcDlHSqVoLepoE9LRTkPMml5j7D6SPIVQnZpmdIP6fkKdiYPoiIb4ug0I0DSlinlhxnlH1ETVsQ==
  dependencies:
    vue "^3.5.17"

webpack-virtual-modules@^0.6.2:
  version "0.6.2"
  resolved "https://registry.npmmirror.com/webpack-virtual-modules/-/webpack-virtual-modules-0.6.2.tgz"
  integrity sha512-66/V2i5hQanC51vBQKPH4aI8NMAcBW59FVBs+rC7eGHupMyfn34q7rZIE+ETlJ+XTevqfUhVVBgSUNSW2flEUQ==

yaml@^2.4.2, yaml@^2.8.2:
  version "2.8.2"
  resolved "https://registry.npmmirror.com/yaml/-/yaml-2.8.2.tgz"
  integrity sha512-mplynKqc1C2hTVYxd0PU2xQAc22TI1vShAYGksCCfxbn/dFwnHTNi1bvYsBTkhdUNtGIf5xNOg938rrSSYvS9A==
